
Microsoft Visual Studio Solution File, Format Version 10.00
# Visual Studio 2008
Project("{FAE04EC0-301F-11D3-BF4B-00C04F79EFBC}") = "UI", "JuegoDeLaVida\UI.csproj", "{9E8980D1-1CA1-4643-86B8-DEB8F35A2EC1}"
EndProject
Project("{FAE04EC0-301F-11D3-BF4B-00C04F79EFBC}") = "Servicios", "JuegoDeLaVida.Servicios\Servicios.csproj", "{8D8340A2-C77C-4EF2-B1D0-352C7B18D52B}"
EndProject
Project("{FAE04EC0-301F-11D3-BF4B-00C04F79EFBC}") = "Graphics", "JuegoDeLaVida.Graphics\Graphics.csproj", "{509BE8E7-BFC0-462F-A8B8-B3538877EDAC}"
EndProject
Project("{FAE04EC0-301F-11D3-BF4B-00C04F79EFBC}") = "Persistencia", "Persistencia\Persistencia.csproj", "{A0507638-620D-4E4C-BBA4-47B91551DB78}"
EndProject
Global
	GlobalSection(SolutionConfigurationPlatforms) = preSolution
		Debug|Any CPU = Debug|Any CPU
		Release|Any CPU = Release|Any CPU
	EndGlobalSection
	GlobalSection(ProjectConfigurationPlatforms) = postSolution
		{9E8980D1-1CA1-4643-86B8-DEB8F35A2EC1}.Debug|Any CPU.ActiveCfg = Debug|Any CPU
		{9E8980D1-1CA1-4643-86B8-DEB8F35A2EC1}.Debug|Any CPU.Build.0 = Debug|Any CPU
		{9E8980D1-1CA1-4643-86B8-DEB8F35A2EC1}.Release|Any CPU.ActiveCfg = Release|Any CPU
		{9E8980D1-1CA1-4643-86B8-DEB8F35A2EC1}.Release|Any CPU.Build.0 = Release|Any CPU
		{8D8340A2-C77C-4EF2-B1D0-352C7B18D52B}.Debug|Any CPU.ActiveCfg = Debug|Any CPU
		{8D8340A2-C77C-4EF2-B1D0-352C7B18D52B}.Debug|Any CPU.Build.0 = Debug|Any CPU
		{8D8340A2-C77C-4EF2-B1D0-352C7B18D52B}.Release|Any CPU.ActiveCfg = Release|Any CPU
		{8D8340A2-C77C-4EF2-B1D0-352C7B18D52B}.Release|Any CPU.Build.0 = Release|Any CPU
		{509BE8E7-BFC0-462F-A8B8-B3538877EDAC}.Debug|Any CPU.ActiveCfg = Debug|Any CPU
		{509BE8E7-BFC0-462F-A8B8-B3538877EDAC}.Debug|Any CPU.Build.0 = Debug|Any CPU
		{509BE8E7-BFC0-462F-A8B8-B3538877EDAC}.Release|Any CPU.ActiveCfg = Release|Any CPU
		{509BE8E7-BFC0-462F-A8B8-B3538877EDAC}.Release|Any CPU.Build.0 = Release|Any CPU
		{A0507638-620D-4E4C-BBA4-47B91551DB78}.Debug|Any CPU.ActiveCfg = Debug|Any CPU
		{A0507638-620D-4E4C-BBA4-47B91551DB78}.Debug|Any CPU.Build.0 = Debug|Any CPU
		{A0507638-620D-4E4C-BBA4-47B91551DB78}.Release|Any CPU.ActiveCfg = Release|Any CPU
		{A0507638-620D-4E4C-BBA4-47B91551DB78}.Release|Any CPU.Build.0 = Release|Any CPU
	EndGlobalSection
	GlobalSection(SolutionProperties) = preSolution
		HideSolutionNode = FALSE
	EndGlobalSection
EndGlobal
